
Microsoft Visual Studio Solution File, Format Version 12.00
# Visual Studio Version 17
VisualStudioVersion = 17.12.35728.132 d17.12
MinimumVisualStudioVersion = 10.0.40219.1
Project("{FAE04EC0-301F-11D3-BF4B-00C04F79EFBC}") = "Demo.Presentation", "Demo.Presentation\Demo.Presentation.csproj", "{CA80B59E-DFF2-49C5-9D58-F2309EA45B54}"
EndProject
Project("{FAE04EC0-301F-11D3-BF4B-00C04F79EFBC}") = "Demo.BusinessLogic", "Demo.BusinessLogic\Demo.BusinessLogic.csproj", "{B605316B-98CE-4646-88E8-EC407126FB3F}"
EndProject
Project("{FAE04EC0-301F-11D3-BF4B-00C04F79EFBC}") = "Demo.DataAccess", "Demo.DataAccess\Demo.DataAccess.csproj", "{4D99E1E8-2BB6-4316-9B13-A52EE4B5BCA1}"
EndProject
Global
	GlobalSection(SolutionConfigurationPlatforms) = preSolution
		Debug|Any CPU = Debug|Any CPU
		Release|Any CPU = Release|Any CPU
	EndGlobalSection
	GlobalSection(ProjectConfigurationPlatforms) = postSolution
		{CA80B59E-DFF2-49C5-9D58-F2309EA45B54}.Debug|Any CPU.ActiveCfg = Debug|Any CPU
		{CA80B59E-DFF2-49C5-9D58-F2309EA45B54}.Debug|Any CPU.Build.0 = Debug|Any CPU
		{CA80B59E-DFF2-49C5-9D58-F2309EA45B54}.Release|Any CPU.ActiveCfg = Release|Any CPU
		{CA80B59E-DFF2-49C5-9D58-F2309EA45B54}.Release|Any CPU.Build.0 = Release|Any CPU
		{B605316B-98CE-4646-88E8-EC407126FB3F}.Debug|Any CPU.ActiveCfg = Debug|Any CPU
		{B605316B-98CE-4646-88E8-EC407126FB3F}.Debug|Any CPU.Build.0 = Debug|Any CPU
		{B605316B-98CE-4646-88E8-EC407126FB3F}.Release|Any CPU.ActiveCfg = Release|Any CPU
		{B605316B-98CE-4646-88E8-EC407126FB3F}.Release|Any CPU.Build.0 = Release|Any CPU
		{4D99E1E8-2BB6-4316-9B13-A52EE4B5BCA1}.Debug|Any CPU.ActiveCfg = Debug|Any CPU
		{4D99E1E8-2BB6-4316-9B13-A52EE4B5BCA1}.Debug|Any CPU.Build.0 = Debug|Any CPU
		{4D99E1E8-2BB6-4316-9B13-A52EE4B5BCA1}.Release|Any CPU.ActiveCfg = Release|Any CPU
		{4D99E1E8-2BB6-4316-9B13-A52EE4B5BCA1}.Release|Any CPU.Build.0 = Release|Any CPU
	EndGlobalSection
	GlobalSection(SolutionProperties) = preSolution
		HideSolutionNode = FALSE
	EndGlobalSection
EndGlobal
